
Microsoft Visual Studio Solution File, Format Version 12.00
# Visual Studio 15
VisualStudioVersion = 15.0.27130.2036
MinimumVisualStudioVersion = 10.0.40219.1
Project("{FAE04EC0-301F-11D3-BF4B-00C04F79EFBC}") = "MVC_Fund", "MVC_Fund\MVC_Fund.csproj", "{07B17D54-DCD8-440B-82C1-DCD38D99DF03}"
EndProject
Project("{FAE04EC0-301F-11D3-BF4B-00C04F79EFBC}") = "MVC_Fund2", "MVC_Fund2\MVC_Fund2.csproj", "{62648841-8136-4DBE-A395-2487E5F06393}"
EndProject
Project("{FAE04EC0-301F-11D3-BF4B-00C04F79EFBC}") = "MVC_Fund3_", "MVC_Fund3_\MVC_Fund3_.csproj", "{1111F32F-4FD1-4849-9CCC-12C85A1748C2}"
EndProject
Project("{FAE04EC0-301F-11D3-BF4B-00C04F79EFBC}") = "MVC_Fund3_2", "MVC_Fund3_2\MVC_Fund3_2.csproj", "{B92969AD-20C3-4230-A085-CCDAC30F9543}"
EndProject
Project("{FAE04EC0-301F-11D3-BF4B-00C04F79EFBC}") = "MVC_Fund4_0", "MVC_Fund4_0\MVC_Fund4_0.csproj", "{C16D8124-E069-48C8-A487-4D72C0F02B4A}"
EndProject
Project("{FAE04EC0-301F-11D3-BF4B-00C04F79EFBC}") = "MVC_Fund4_1", "MVC_Fund4_1\MVC_Fund4_1.csproj", "{CEE6667B-61E6-4E07-8CA2-8B78476BA83A}"
EndProject
Project("{FAE04EC0-301F-11D3-BF4B-00C04F79EFBC}") = "MVC_Fund5_0", "MVC_Fund5_0\MVC_Fund5_0.csproj", "{7053DC70-F573-42D0-9DF9-A8FEBFCB8628}"
EndProject
Project("{FAE04EC0-301F-11D3-BF4B-00C04F79EFBC}") = "MVC_Fund5_1", "MVC_Fund5_1\MVC_Fund5_1.csproj", "{640DBEF3-E676-4363-ADCC-98DA63481EAF}"
EndProject
Project("{FAE04EC0-301F-11D3-BF4B-00C04F79EFBC}") = "MVC_Fund5_2", "MVC_Fund5_2\MVC_Fund5_2.csproj", "{4AC9D516-61F1-47F3-9A75-15D3BAB1DB0F}"
EndProject
Project("{FAE04EC0-301F-11D3-BF4B-00C04F79EFBC}") = "test", "test\test.csproj", "{C2C513D7-EBCD-4CB0-899C-5DFEFFDBBEDD}"
EndProject
Project("{FAE04EC0-301F-11D3-BF4B-00C04F79EFBC}") = "MVC_Fund6_0", "MVC_Fund6_0\MVC_Fund6_0.csproj", "{BF8A602B-6C79-4D38-A785-5FE67BF77FAA}"
EndProject
Project("{FAE04EC0-301F-11D3-BF4B-00C04F79EFBC}") = "MVC_Fund6_1", "MVC_Fund6_1\MVC_Fund6_1.csproj", "{D4726376-7A91-4632-82E2-F1B9593E9066}"
EndProject
Global
	GlobalSection(SolutionConfigurationPlatforms) = preSolution
		Debug|Any CPU = Debug|Any CPU
		Release|Any CPU = Release|Any CPU
	EndGlobalSection
	GlobalSection(ProjectConfigurationPlatforms) = postSolution
		{07B17D54-DCD8-440B-82C1-DCD38D99DF03}.Debug|Any CPU.ActiveCfg = Debug|Any CPU
		{07B17D54-DCD8-440B-82C1-DCD38D99DF03}.Debug|Any CPU.Build.0 = Debug|Any CPU
		{07B17D54-DCD8-440B-82C1-DCD38D99DF03}.Release|Any CPU.ActiveCfg = Release|Any CPU
		{07B17D54-DCD8-440B-82C1-DCD38D99DF03}.Release|Any CPU.Build.0 = Release|Any CPU
		{62648841-8136-4DBE-A395-2487E5F06393}.Debug|Any CPU.ActiveCfg = Debug|Any CPU
		{62648841-8136-4DBE-A395-2487E5F06393}.Debug|Any CPU.Build.0 = Debug|Any CPU
		{62648841-8136-4DBE-A395-2487E5F06393}.Release|Any CPU.ActiveCfg = Release|Any CPU
		{62648841-8136-4DBE-A395-2487E5F06393}.Release|Any CPU.Build.0 = Release|Any CPU
		{1111F32F-4FD1-4849-9CCC-12C85A1748C2}.Debug|Any CPU.ActiveCfg = Debug|Any CPU
		{1111F32F-4FD1-4849-9CCC-12C85A1748C2}.Debug|Any CPU.Build.0 = Debug|Any CPU
		{1111F32F-4FD1-4849-9CCC-12C85A1748C2}.Release|Any CPU.ActiveCfg = Release|Any CPU
		{1111F32F-4FD1-4849-9CCC-12C85A1748C2}.Release|Any CPU.Build.0 = Release|Any CPU
		{B92969AD-20C3-4230-A085-CCDAC30F9543}.Debug|Any CPU.ActiveCfg = Debug|Any CPU
		{B92969AD-20C3-4230-A085-CCDAC30F9543}.Debug|Any CPU.Build.0 = Debug|Any CPU
		{B92969AD-20C3-4230-A085-CCDAC30F9543}.Release|Any CPU.ActiveCfg = Release|Any CPU
		{B92969AD-20C3-4230-A085-CCDAC30F9543}.Release|Any CPU.Build.0 = Release|Any CPU
		{C16D8124-E069-48C8-A487-4D72C0F02B4A}.Debug|Any CPU.ActiveCfg = Debug|Any CPU
		{C16D8124-E069-48C8-A487-4D72C0F02B4A}.Debug|Any CPU.Build.0 = Debug|Any CPU
		{C16D8124-E069-48C8-A487-4D72C0F02B4A}.Release|Any CPU.ActiveCfg = Release|Any CPU
		{C16D8124-E069-48C8-A487-4D72C0F02B4A}.Release|Any CPU.Build.0 = Release|Any CPU
		{CEE6667B-61E6-4E07-8CA2-8B78476BA83A}.Debug|Any CPU.ActiveCfg = Debug|Any CPU
		{CEE6667B-61E6-4E07-8CA2-8B78476BA83A}.Debug|Any CPU.Build.0 = Debug|Any CPU
		{CEE6667B-61E6-4E07-8CA2-8B78476BA83A}.Release|Any CPU.ActiveCfg = Release|Any CPU
		{CEE6667B-61E6-4E07-8CA2-8B78476BA83A}.Release|Any CPU.Build.0 = Release|Any CPU
		{7053DC70-F573-42D0-9DF9-A8FEBFCB8628}.Debug|Any CPU.ActiveCfg = Debug|Any CPU
		{7053DC70-F573-42D0-9DF9-A8FEBFCB8628}.Debug|Any CPU.Build.0 = Debug|Any CPU
		{7053DC70-F573-42D0-9DF9-A8FEBFCB8628}.Release|Any CPU.ActiveCfg = Release|Any CPU
		{7053DC70-F573-42D0-9DF9-A8FEBFCB8628}.Release|Any CPU.Build.0 = Release|Any CPU
		{640DBEF3-E676-4363-ADCC-98DA63481EAF}.Debug|Any CPU.ActiveCfg = Debug|Any CPU
		{640DBEF3-E676-4363-ADCC-98DA63481EAF}.Debug|Any CPU.Build.0 = Debug|Any CPU
		{640DBEF3-E676-4363-ADCC-98DA63481EAF}.Release|Any CPU.ActiveCfg = Release|Any CPU
		{640DBEF3-E676-4363-ADCC-98DA63481EAF}.Release|Any CPU.Build.0 = Release|Any CPU
		{4AC9D516-61F1-47F3-9A75-15D3BAB1DB0F}.Debug|Any CPU.ActiveCfg = Debug|Any CPU
		{4AC9D516-61F1-47F3-9A75-15D3BAB1DB0F}.Debug|Any CPU.Build.0 = Debug|Any CPU
		{4AC9D516-61F1-47F3-9A75-15D3BAB1DB0F}.Release|Any CPU.ActiveCfg = Release|Any CPU
		{4AC9D516-61F1-47F3-9A75-15D3BAB1DB0F}.Release|Any CPU.Build.0 = Release|Any CPU
		{C2C513D7-EBCD-4CB0-899C-5DFEFFDBBEDD}.Debug|Any CPU.ActiveCfg = Debug|Any CPU
		{C2C513D7-EBCD-4CB0-899C-5DFEFFDBBEDD}.Debug|Any CPU.Build.0 = Debug|Any CPU
		{C2C513D7-EBCD-4CB0-899C-5DFEFFDBBEDD}.Release|Any CPU.ActiveCfg = Release|Any CPU
		{C2C513D7-EBCD-4CB0-899C-5DFEFFDBBEDD}.Release|Any CPU.Build.0 = Release|Any CPU
		{BF8A602B-6C79-4D38-A785-5FE67BF77FAA}.Debug|Any CPU.ActiveCfg = Debug|Any CPU
		{BF8A602B-6C79-4D38-A785-5FE67BF77FAA}.Debug|Any CPU.Build.0 = Debug|Any CPU
		{BF8A602B-6C79-4D38-A785-5FE67BF77FAA}.Release|Any CPU.ActiveCfg = Release|Any CPU
		{BF8A602B-6C79-4D38-A785-5FE67BF77FAA}.Release|Any CPU.Build.0 = Release|Any CPU
		{D4726376-7A91-4632-82E2-F1B9593E9066}.Debug|Any CPU.ActiveCfg = Debug|Any CPU
		{D4726376-7A91-4632-82E2-F1B9593E9066}.Debug|Any CPU.Build.0 = Debug|Any CPU
		{D4726376-7A91-4632-82E2-F1B9593E9066}.Release|Any CPU.ActiveCfg = Release|Any CPU
		{D4726376-7A91-4632-82E2-F1B9593E9066}.Release|Any CPU.Build.0 = Release|Any CPU
	EndGlobalSection
	GlobalSection(SolutionProperties) = preSolution
		HideSolutionNode = FALSE
	EndGlobalSection
	GlobalSection(ExtensibilityGlobals) = postSolution
		SolutionGuid = {2119D87F-9BBA-4821-93EE-190375EEDFB4}
	EndGlobalSection
EndGlobal
